
Microsoft Visual Studio Solution File, Format Version 12.00
# Visual Studio Version 17
VisualStudioVersion = 17.4.33205.214
MinimumVisualStudioVersion = 10.0.40219.1
Project("{FAE04EC0-301F-11D3-BF4B-00C04F79EFBC}") = "VacationReservationProject", "VacationReservationProject\VacationReservationProject.csproj", "{C4C0A846-F9D3-43DF-911D-338374025AC9}"
EndProject
Project("{FAE04EC0-301F-11D3-BF4B-00C04F79EFBC}") = "EntityLayer", "EntityLayer\EntityLayer.csproj", "{7CA90A17-1711-4483-82EA-4DFAF8A44D7F}"
EndProject
Project("{FAE04EC0-301F-11D3-BF4B-00C04F79EFBC}") = "DataAccessLayer", "DataAccessLayer\DataAccessLayer.csproj", "{93E88764-A502-482C-82CB-EBF38B0318EF}"
EndProject
Project("{FAE04EC0-301F-11D3-BF4B-00C04F79EFBC}") = "BusinessLayer", "BusinessLayer\BusinessLayer.csproj", "{98783BFC-0C37-4232-9ABC-134E541F176C}"
EndProject
Global
	GlobalSection(SolutionConfigurationPlatforms) = preSolution
		Debug|Any CPU = Debug|Any CPU
		Release|Any CPU = Release|Any CPU
	EndGlobalSection
	GlobalSection(ProjectConfigurationPlatforms) = postSolution
		{C4C0A846-F9D3-43DF-911D-338374025AC9}.Debug|Any CPU.ActiveCfg = Debug|Any CPU
		{C4C0A846-F9D3-43DF-911D-338374025AC9}.Debug|Any CPU.Build.0 = Debug|Any CPU
		{C4C0A846-F9D3-43DF-911D-338374025AC9}.Release|Any CPU.ActiveCfg = Release|Any CPU
		{C4C0A846-F9D3-43DF-911D-338374025AC9}.Release|Any CPU.Build.0 = Release|Any CPU
		{7CA90A17-1711-4483-82EA-4DFAF8A44D7F}.Debug|Any CPU.ActiveCfg = Debug|Any CPU
		{7CA90A17-1711-4483-82EA-4DFAF8A44D7F}.Debug|Any CPU.Build.0 = Debug|Any CPU
		{7CA90A17-1711-4483-82EA-4DFAF8A44D7F}.Release|Any CPU.ActiveCfg = Release|Any CPU
		{7CA90A17-1711-4483-82EA-4DFAF8A44D7F}.Release|Any CPU.Build.0 = Release|Any CPU
		{93E88764-A502-482C-82CB-EBF38B0318EF}.Debug|Any CPU.ActiveCfg = Debug|Any CPU
		{93E88764-A502-482C-82CB-EBF38B0318EF}.Debug|Any CPU.Build.0 = Debug|Any CPU
		{93E88764-A502-482C-82CB-EBF38B0318EF}.Release|Any CPU.ActiveCfg = Release|Any CPU
		{93E88764-A502-482C-82CB-EBF38B0318EF}.Release|Any CPU.Build.0 = Release|Any CPU
		{98783BFC-0C37-4232-9ABC-134E541F176C}.Debug|Any CPU.ActiveCfg = Debug|Any CPU
		{98783BFC-0C37-4232-9ABC-134E541F176C}.Debug|Any CPU.Build.0 = Debug|Any CPU
		{98783BFC-0C37-4232-9ABC-134E541F176C}.Release|Any CPU.ActiveCfg = Release|Any CPU
		{98783BFC-0C37-4232-9ABC-134E541F176C}.Release|Any CPU.Build.0 = Release|Any CPU
	EndGlobalSection
	GlobalSection(SolutionProperties) = preSolution
		HideSolutionNode = FALSE
	EndGlobalSection
	GlobalSection(ExtensibilityGlobals) = postSolution
		SolutionGuid = {5E40F980-6B01-4E33-8589-C32072BC7449}
	EndGlobalSection
EndGlobal
